
Microsoft Visual Studio Solution File, Format Version 12.00
# Visual Studio Version 17
VisualStudioVersion = 17.3.32929.385
MinimumVisualStudioVersion = 10.0.40219.1
Project("{9A19103F-16F7-4668-BE54-9A1E7A4F7556}") = "BL", "BL\BL.csproj", "{1C3A77FC-A3F5-46EC-ADFE-B835C2B3576E}"
EndProject
Project("{9A19103F-16F7-4668-BE54-9A1E7A4F7556}") = "ML", "ML\ML.csproj", "{9671CDCF-924A-41A6-9DB0-8C27F35959AD}"
EndProject
Project("{9A19103F-16F7-4668-BE54-9A1E7A4F7556}") = "DL", "DL\DL.csproj", "{AF4C33E8-DB9C-4F5D-B2BF-765151531CFF}"
EndProject
Project("{9A19103F-16F7-4668-BE54-9A1E7A4F7556}") = "PL", "PL\PL.csproj", "{DB3054D5-D54B-4384-BD1E-319D8D6B815A}"
EndProject
Project("{9A19103F-16F7-4668-BE54-9A1E7A4F7556}") = "PL_C", "PL_C\PL_C.csproj", "{2AAD447F-9C64-4189-B148-72FC6802430D}"
EndProject
Project("{FAE04EC0-301F-11D3-BF4B-00C04F79EFBC}") = "SL", "SL\SL.csproj", "{67313464-5666-40B2-AF4F-F84D042F2B8A}"
EndProject
Global
	GlobalSection(SolutionConfigurationPlatforms) = preSolution
		Debug|Any CPU = Debug|Any CPU
		Release|Any CPU = Release|Any CPU
	EndGlobalSection
	GlobalSection(ProjectConfigurationPlatforms) = postSolution
		{1C3A77FC-A3F5-46EC-ADFE-B835C2B3576E}.Debug|Any CPU.ActiveCfg = Debug|Any CPU
		{1C3A77FC-A3F5-46EC-ADFE-B835C2B3576E}.Debug|Any CPU.Build.0 = Debug|Any CPU
		{1C3A77FC-A3F5-46EC-ADFE-B835C2B3576E}.Release|Any CPU.ActiveCfg = Release|Any CPU
		{1C3A77FC-A3F5-46EC-ADFE-B835C2B3576E}.Release|Any CPU.Build.0 = Release|Any CPU
		{9671CDCF-924A-41A6-9DB0-8C27F35959AD}.Debug|Any CPU.ActiveCfg = Debug|Any CPU
		{9671CDCF-924A-41A6-9DB0-8C27F35959AD}.Debug|Any CPU.Build.0 = Debug|Any CPU
		{9671CDCF-924A-41A6-9DB0-8C27F35959AD}.Release|Any CPU.ActiveCfg = Release|Any CPU
		{9671CDCF-924A-41A6-9DB0-8C27F35959AD}.Release|Any CPU.Build.0 = Release|Any CPU
		{AF4C33E8-DB9C-4F5D-B2BF-765151531CFF}.Debug|Any CPU.ActiveCfg = Debug|Any CPU
		{AF4C33E8-DB9C-4F5D-B2BF-765151531CFF}.Debug|Any CPU.Build.0 = Debug|Any CPU
		{AF4C33E8-DB9C-4F5D-B2BF-765151531CFF}.Release|Any CPU.ActiveCfg = Release|Any CPU
		{AF4C33E8-DB9C-4F5D-B2BF-765151531CFF}.Release|Any CPU.Build.0 = Release|Any CPU
		{DB3054D5-D54B-4384-BD1E-319D8D6B815A}.Debug|Any CPU.ActiveCfg = Debug|Any CPU
		{DB3054D5-D54B-4384-BD1E-319D8D6B815A}.Debug|Any CPU.Build.0 = Debug|Any CPU
		{DB3054D5-D54B-4384-BD1E-319D8D6B815A}.Release|Any CPU.ActiveCfg = Release|Any CPU
		{DB3054D5-D54B-4384-BD1E-319D8D6B815A}.Release|Any CPU.Build.0 = Release|Any CPU
		{2AAD447F-9C64-4189-B148-72FC6802430D}.Debug|Any CPU.ActiveCfg = Debug|Any CPU
		{2AAD447F-9C64-4189-B148-72FC6802430D}.Debug|Any CPU.Build.0 = Debug|Any CPU
		{2AAD447F-9C64-4189-B148-72FC6802430D}.Release|Any CPU.ActiveCfg = Release|Any CPU
		{2AAD447F-9C64-4189-B148-72FC6802430D}.Release|Any CPU.Build.0 = Release|Any CPU
		{67313464-5666-40B2-AF4F-F84D042F2B8A}.Debug|Any CPU.ActiveCfg = Debug|Any CPU
		{67313464-5666-40B2-AF4F-F84D042F2B8A}.Debug|Any CPU.Build.0 = Debug|Any CPU
		{67313464-5666-40B2-AF4F-F84D042F2B8A}.Release|Any CPU.ActiveCfg = Release|Any CPU
		{67313464-5666-40B2-AF4F-F84D042F2B8A}.Release|Any CPU.Build.0 = Release|Any CPU
	EndGlobalSection
	GlobalSection(SolutionProperties) = preSolution
		HideSolutionNode = FALSE
	EndGlobalSection
	GlobalSection(ExtensibilityGlobals) = postSolution
		SolutionGuid = {1132316D-7899-40A3-84C4-2B4FEC33140A}
	EndGlobalSection
EndGlobal
